
Microsoft Visual Studio Solution File, Format Version 12.00
# Visual Studio 15
VisualStudioVersion = 15.0.26403.3
MinimumVisualStudioVersion = 10.0.40219.1
Project("{FAE04EC0-301F-11D3-BF4B-00C04F79EFBC}") = "TextileApp", "TextileApp\TextileApp.csproj", "{EE18D212-4ECD-4059-B8BF-7BCC7731A606}"
EndProject
Global
	GlobalSection(SolutionConfigurationPlatforms) = preSolution
		Debug|Any CPU = Debug|Any CPU
		Release|Any CPU = Release|Any CPU
	EndGlobalSection
	GlobalSection(ProjectConfigurationPlatforms) = postSolution
		{EE18D212-4ECD-4059-B8BF-7BCC7731A606}.Debug|Any CPU.ActiveCfg = Debug|Any CPU
		{EE18D212-4ECD-4059-B8BF-7BCC7731A606}.Debug|Any CPU.Build.0 = Debug|Any CPU
		{EE18D212-4ECD-4059-B8BF-7BCC7731A606}.Release|Any CPU.ActiveCfg = Release|Any CPU
		{EE18D212-4ECD-4059-B8BF-7BCC7731A606}.Release|Any CPU.Build.0 = Release|Any CPU
	EndGlobalSection
	GlobalSection(SolutionProperties) = preSolution
		HideSolutionNode = FALSE
	EndGlobalSection
EndGlobal
